// !$*UTF8*$!
{
	archiveVersion = 1;
	classes = {
	};
	objectVersion = 56;
	objects = {

/* Begin PBXBuildFile section */
		532467DC7C10D2B6BAD323EE /* Pods_CarTest.framework in Frameworks */ = {isa = PBXBuildFile; fileRef = C186BBE36EA025398C43FB7A /* Pods_CarTest.framework */; };
		E2039E332B3B0EC2005B8842 /* AppDelegate.swift in Sources */ = {isa = PBXBuildFile; fileRef = E2039E322B3B0EC2005B8842 /* AppDelegate.swift */; };
		E2039E352B3B0EC2005B8842 /* SceneDelegate.swift in Sources */ = {isa = PBXBuildFile; fileRef = E2039E342B3B0EC2005B8842 /* SceneDelegate.swift */; };
		E2039E3C2B3B0EC4005B8842 /* Assets.xcassets in Resources */ = {isa = PBXBuildFile; fileRef = E2039E3B2B3B0EC4005B8842 /* Assets.xcassets */; };
		E2039E3F2B3B0EC4005B8842 /* LaunchScreen.storyboard in Resources */ = {isa = PBXBuildFile; fileRef = E2039E3D2B3B0EC4005B8842 /* LaunchScreen.storyboard */; };
		E284B9992B3B124400091DE7 /* CarCollectionViewController.swift in Sources */ = {isa = PBXBuildFile; fileRef = E284B9982B3B124400091DE7 /* CarCollectionViewController.swift */; };
		E284B99C2B3B127600091DE7 /* CarCollectionViewModel.swift in Sources */ = {isa = PBXBuildFile; fileRef = E284B99B2B3B127600091DE7 /* CarCollectionViewModel.swift */; };
		E284B99F2B3B14A300091DE7 /* CarCollectionViewControllerConfigurator.swift in Sources */ = {isa = PBXBuildFile; fileRef = E284B99E2B3B14A300091DE7 /* CarCollectionViewControllerConfigurator.swift */; };
		E284B9A22B3B15D800091DE7 /* CarCollectionViewCell.swift in Sources */ = {isa = PBXBuildFile; fileRef = E284B9A12B3B15D800091DE7 /* CarCollectionViewCell.swift */; };
/* End PBXBuildFile section */

/* Begin PBXFileReference section */
		3BE16F788DB65413E218A7AF /* Pods-CarTest.release.xcconfig */ = {isa = PBXFileReference; includeInIndex = 1; lastKnownFileType = text.xcconfig; name = "Pods-CarTest.release.xcconfig"; path = "Target Support Files/Pods-CarTest/Pods-CarTest.release.xcconfig"; sourceTree = "<group>"; };
		966B9D49A908A33EA3C9EFBF /* Pods-CarTest.debug.xcconfig */ = {isa = PBXFileReference; includeInIndex = 1; lastKnownFileType = text.xcconfig; name = "Pods-CarTest.debug.xcconfig"; path = "Target Support Files/Pods-CarTest/Pods-CarTest.debug.xcconfig"; sourceTree = "<group>"; };
		C186BBE36EA025398C43FB7A /* Pods_CarTest.framework */ = {isa = PBXFileReference; explicitFileType = wrapper.framework; includeInIndex = 0; path = Pods_CarTest.framework; sourceTree = BUILT_PRODUCTS_DIR; };
		E2039E2F2B3B0EC2005B8842 /* CarTest.app */ = {isa = PBXFileReference; explicitFileType = wrapper.application; includeInIndex = 0; path = CarTest.app; sourceTree = BUILT_PRODUCTS_DIR; };
		E2039E322B3B0EC2005B8842 /* AppDelegate.swift */ = {isa = PBXFileReference; lastKnownFileType = sourcecode.swift; path = AppDelegate.swift; sourceTree = "<group>"; };
		E2039E342B3B0EC2005B8842 /* SceneDelegate.swift */ = {isa = PBXFileReference; lastKnownFileType = sourcecode.swift; path = SceneDelegate.swift; sourceTree = "<group>"; };
		E2039E3B2B3B0EC4005B8842 /* Assets.xcassets */ = {isa = PBXFileReference; lastKnownFileType = folder.assetcatalog; path = Assets.xcassets; sourceTree = "<group>"; };
		E2039E3E2B3B0EC4005B8842 /* Base */ = {isa = PBXFileReference; lastKnownFileType = file.storyboard; name = Base; path = Base.lproj/LaunchScreen.storyboard; sourceTree = "<group>"; };
		E2039E402B3B0EC4005B8842 /* Info.plist */ = {isa = PBXFileReference; lastKnownFileType = text.plist.xml; path = Info.plist; sourceTree = "<group>"; };
		E284B9982B3B124400091DE7 /* CarCollectionViewController.swift */ = {isa = PBXFileReference; lastKnownFileType = sourcecode.swift; path = CarCollectionViewController.swift; sourceTree = "<group>"; };
		E284B99B2B3B127600091DE7 /* CarCollectionViewModel.swift */ = {isa = PBXFileReference; lastKnownFileType = sourcecode.swift; path = CarCollectionViewModel.swift; sourceTree = "<group>"; };
		E284B99E2B3B14A300091DE7 /* CarCollectionViewControllerConfigurator.swift */ = {isa = PBXFileReference; lastKnownFileType = sourcecode.swift; path = CarCollectionViewControllerConfigurator.swift; sourceTree = "<group>"; };
		E284B9A12B3B15D800091DE7 /* CarCollectionViewCell.swift */ = {isa = PBXFileReference; lastKnownFileType = sourcecode.swift; path = CarCollectionViewCell.swift; sourceTree = "<group>"; };
/* End PBXFileReference section */

/* Begin PBXFrameworksBuildPhase section */
		E2039E2C2B3B0EC2005B8842 /* Frameworks */ = {
			isa = PBXFrameworksBuildPhase;
			buildActionMask = 2147483647;
			files = (
				532467DC7C10D2B6BAD323EE /* Pods_CarTest.framework in Frameworks */,
			);
			runOnlyForDeploymentPostprocessing = 0;
		};
/* End PBXFrameworksBuildPhase section */

/* Begin PBXGroup section */
		46CAA0EA7E2D16A3DCD11E2B /* Frameworks */ = {
			isa = PBXGroup;
			children = (
				C186BBE36EA025398C43FB7A /* Pods_CarTest.framework */,
			);
			name = Frameworks;
			sourceTree = "<group>";
		};
		6A9399AFDAC34889F3540841 /* Pods */ = {
			isa = PBXGroup;
			children = (
				966B9D49A908A33EA3C9EFBF /* Pods-CarTest.debug.xcconfig */,
				3BE16F788DB65413E218A7AF /* Pods-CarTest.release.xcconfig */,
			);
			path = Pods;
			sourceTree = "<group>";
		};
		E2039E262B3B0EC2005B8842 = {
			isa = PBXGroup;
			children = (
				E2039E312B3B0EC2005B8842 /* CarTest */,
				E2039E302B3B0EC2005B8842 /* Products */,
				6A9399AFDAC34889F3540841 /* Pods */,
				46CAA0EA7E2D16A3DCD11E2B /* Frameworks */,
			);
			sourceTree = "<group>";
		};
		E2039E302B3B0EC2005B8842 /* Products */ = {
			isa = PBXGroup;
			children = (
				E2039E2F2B3B0EC2005B8842 /* CarTest.app */,
			);
			name = Products;
			sourceTree = "<group>";
		};
		E2039E312B3B0EC2005B8842 /* CarTest */ = {
			isa = PBXGroup;
			children = (
				E284B99D2B3B146800091DE7 /* Module */,
				E284B99A2B3B124E00091DE7 /* Model */,
				E2039E322B3B0EC2005B8842 /* AppDelegate.swift */,
				E2039E342B3B0EC2005B8842 /* SceneDelegate.swift */,
				E2039E3B2B3B0EC4005B8842 /* Assets.xcassets */,
				E2039E3D2B3B0EC4005B8842 /* LaunchScreen.storyboard */,
				E2039E402B3B0EC4005B8842 /* Info.plist */,
			);
			path = CarTest;
			sourceTree = "<group>";
		};
		E284B9972B3B11FC00091DE7 /* CarCollectionViewController */ = {
			isa = PBXGroup;
			children = (
				E284B9A02B3B15BE00091DE7 /* Subviews */,
				E284B9982B3B124400091DE7 /* CarCollectionViewController.swift */,
				E284B99B2B3B127600091DE7 /* CarCollectionViewModel.swift */,
				E284B99E2B3B14A300091DE7 /* CarCollectionViewControllerConfigurator.swift */,
			);
			path = CarCollectionViewController;
			sourceTree = "<group>";
		};
		E284B99A2B3B124E00091DE7 /* Model */ = {
			isa = PBXGroup;
			children = (
			);
			path = Model;
			sourceTree = "<group>";
		};
		E284B99D2B3B146800091DE7 /* Module */ = {
			isa = PBXGroup;
			children = (
				E284B9972B3B11FC00091DE7 /* CarCollectionViewController */,
			);
			path = Module;
			sourceTree = "<group>";
		};
		E284B9A02B3B15BE00091DE7 /* Subviews */ = {
			isa = PBXGroup;
			children = (
				E284B9A12B3B15D800091DE7 /* CarCollectionViewCell.swift */,
			);
			path = Subviews;
			sourceTree = "<group>";
		};
/* End PBXGroup section */

/* Begin PBXNativeTarget section */
		E2039E2E2B3B0EC2005B8842 /* CarTest */ = {
			isa = PBXNativeTarget;
			buildConfigurationList = E2039E432B3B0EC4005B8842 /* Build configuration list for PBXNativeTarget "CarTest" */;
			buildPhases = (
				9B45C090CCC87297574FF1FE /* [CP] Check Pods Manifest.lock */,
				E2039E2B2B3B0EC2005B8842 /* Sources */,
				E2039E2C2B3B0EC2005B8842 /* Frameworks */,
				E2039E2D2B3B0EC2005B8842 /* Resources */,
				D3188DA22AB389304D807279 /* [CP] Embed Pods Frameworks */,
			);
			buildRules = (
			);
			dependencies = (
			);
			name = CarTest;
			productName = CarTest;
			productReference = E2039E2F2B3B0EC2005B8842 /* CarTest.app */;
			productType = "com.apple.product-type.application";
		};
/* End PBXNativeTarget section */

/* Begin PBXProject section */
		E2039E272B3B0EC2005B8842 /* Project object */ = {
			isa = PBXProject;
			attributes = {
				BuildIndependentTargetsInParallel = 1;
				LastSwiftUpdateCheck = 1420;
				LastUpgradeCheck = 1420;
				TargetAttributes = {
					E2039E2E2B3B0EC2005B8842 = {
						CreatedOnToolsVersion = 14.2;
					};
				};
			};
			buildConfigurationList = E2039E2A2B3B0EC2005B8842 /* Build configuration list for PBXProject "CarTest" */;
			compatibilityVersion = "Xcode 14.0";
			developmentRegion = en;
			hasScannedForEncodings = 0;
			knownRegions = (
				en,
				Base,
			);
			mainGroup = E2039E262B3B0EC2005B8842;
			productRefGroup = E2039E302B3B0EC2005B8842 /* Products */;
			projectDirPath = "";
			projectRoot = "";
			targets = (
				E2039E2E2B3B0EC2005B8842 /* CarTest */,
			);
		};
/* End PBXProject section */

/* Begin PBXResourcesBuildPhase section */
		E2039E2D2B3B0EC2005B8842 /* Resources */ = {
			isa = PBXResourcesBuildPhase;
			buildActionMask = 2147483647;
			files = (
				E2039E3F2B3B0EC4005B8842 /* LaunchScreen.storyboard in Resources */,
				E2039E3C2B3B0EC4005B8842 /* Assets.xcassets in Resources */,
			);
			runOnlyForDeploymentPostprocessing = 0;
		};
/* End PBXResourcesBuildPhase section */

/* Begin PBXShellScriptBuildPhase section */
		9B45C090CCC87297574FF1FE /* [CP] Check Pods Manifest.lock */ = {
			isa = PBXShellScriptBuildPhase;
			buildActionMask = 2147483647;
			files = (
			);
			inputFileListPaths = (
			);
			inputPaths = (
				"${PODS_PODFILE_DIR_PATH}/Podfile.lock",
				"${PODS_ROOT}/Manifest.lock",
			);
			name = "[CP] Check Pods Manifest.lock";
			outputFileListPaths = (
			);
			outputPaths = (
				"$(DERIVED_FILE_DIR)/Pods-CarTest-checkManifestLockResult.txt",
			);
			runOnlyForDeploymentPostprocessing = 0;
			shellPath = /bin/sh;
			shellScript = "diff \"${PODS_PODFILE_DIR_PATH}/Podfile.lock\" \"${PODS_ROOT}/Manifest.lock\" > /dev/null\nif [ $? != 0 ] ; then\n    # print error to STDERR\n    echo \"error: The sandbox is not in sync with the Podfile.lock. Run 'pod install' or update your CocoaPods installation.\" >&2\n    exit 1\nfi\n# This output is used by Xcode 'outputs' to avoid re-running this script phase.\necho \"SUCCESS\" > \"${SCRIPT_OUTPUT_FILE_0}\"\n";
			showEnvVarsInLog = 0;
		};
		D3188DA22AB389304D807279 /* [CP] Embed Pods Frameworks */ = {
			isa = PBXShellScriptBuildPhase;
			buildActionMask = 2147483647;
			files = (
			);
			inputFileListPaths = (
				"${PODS_ROOT}/Target Support Files/Pods-CarTest/Pods-CarTest-frameworks-${CONFIGURATION}-input-files.xcfilelist",
			);
			name = "[CP] Embed Pods Frameworks";
			outputFileListPaths = (
				"${PODS_ROOT}/Target Support Files/Pods-CarTest/Pods-CarTest-frameworks-${CONFIGURATION}-output-files.xcfilelist",
			);
			runOnlyForDeploymentPostprocessing = 0;
			shellPath = /bin/sh;
			shellScript = "\"${PODS_ROOT}/Target Support Files/Pods-CarTest/Pods-CarTest-frameworks.sh\"\n";
			showEnvVarsInLog = 0;
		};
/* End PBXShellScriptBuildPhase section */

/* Begin PBXSourcesBuildPhase section */
		E2039E2B2B3B0EC2005B8842 /* Sources */ = {
			isa = PBXSourcesBuildPhase;
			buildActionMask = 2147483647;
			files = (
				E284B99F2B3B14A300091DE7 /* CarCollectionViewControllerConfigurator.swift in Sources */,
				E284B9A22B3B15D800091DE7 /* CarCollectionViewCell.swift in Sources */,
				E284B99C2B3B127600091DE7 /* CarCollectionViewModel.swift in Sources */,
				E2039E332B3B0EC2005B8842 /* AppDelegate.swift in Sources */,
				E2039E352B3B0EC2005B8842 /* SceneDelegate.swift in Sources */,
				E284B9992B3B124400091DE7 /* CarCollectionViewController.swift in Sources */,
			);
			runOnlyForDeploymentPostprocessing = 0;
		};
/* End PBXSourcesBuildPhase section */

/* Begin PBXVariantGroup section */
		E2039E3D2B3B0EC4005B8842 /* LaunchScreen.storyboard */ = {
			isa = PBXVariantGroup;
			children = (
				E2039E3E2B3B0EC4005B8842 /* Base */,
			);
			name = LaunchScreen.storyboard;
			sourceTree = "<group>";
		};
/* End PBXVariantGroup section */

/* Begin XCBuildConfiguration section */
		E2039E412B3B0EC4005B8842 /* Debug */ = {
			isa = XCBuildConfiguration;
			buildSettings = {
				ALWAYS_SEARCH_USER_PATHS = NO;
				CLANG_ANALYZER_NONNULL = YES;
				CLANG_ANALYZER_NUMBER_OBJECT_CONVERSION = YES_AGGRESSIVE;
				CLANG_CXX_LANGUAGE_STANDARD = "gnu++20";
				CLANG_ENABLE_MODULES = YES;
				CLANG_ENABLE_OBJC_ARC = YES;
				CLANG_ENABLE_OBJC_WEAK = YES;
				CLANG_WARN_BLOCK_CAPTURE_AUTORELEASING = YES;
				CLANG_WARN_BOOL_CONVERSION = YES;
				CLANG_WARN_COMMA = YES;
				CLANG_WARN_CONSTANT_CONVERSION = YES;
				CLANG_WARN_DEPRECATED_OBJC_IMPLEMENTATIONS = YES;
				CLANG_WARN_DIRECT_OBJC_ISA_USAGE = YES_ERROR;
				CLANG_WARN_DOCUMENTATION_COMMENTS = YES;
				CLANG_WARN_EMPTY_BODY = YES;
				CLANG_WARN_ENUM_CONVERSION = YES;
				CLANG_WARN_INFINITE_RECURSION = YES;
				CLANG_WARN_INT_CONVERSION = YES;
				CLANG_WARN_NON_LITERAL_NULL_CONVERSION = YES;
				CLANG_WARN_OBJC_IMPLICIT_RETAIN_SELF = YES;
				CLANG_WARN_OBJC_LITERAL_CONVERSION = YES;
				CLANG_WARN_OBJC_ROOT_CLASS = YES_ERROR;
				CLANG_WARN_QUOTED_INCLUDE_IN_FRAMEWORK_HEADER = YES;
				CLANG_WARN_RANGE_LOOP_ANALYSIS = YES;
				CLANG_WARN_STRICT_PROTOTYPES = YES;
				CLANG_WARN_SUSPICIOUS_MOVE = YES;
				CLANG_WARN_UNGUARDED_AVAILABILITY = YES_AGGRESSIVE;
				CLANG_WARN_UNREACHABLE_CODE = YES;
				CLANG_WARN__DUPLICATE_METHOD_MATCH = YES;
				COPY_PHASE_STRIP = NO;
				DEBUG_INFORMATION_FORMAT = dwarf;
				ENABLE_STRICT_OBJC_MSGSEND = YES;
				ENABLE_TESTABILITY = YES;
				GCC_C_LANGUAGE_STANDARD = gnu11;
				GCC_DYNAMIC_NO_PIC = NO;
				GCC_NO_COMMON_BLOCKS = YES;
				GCC_OPTIMIZATION_LEVEL = 0;
				GCC_PREPROCESSOR_DEFINITIONS = (
					"DEBUG=1",
					"$(inherited)",
				);
				GCC_WARN_64_TO_32_BIT_CONVERSION = YES;
				GCC_WARN_ABOUT_RETURN_TYPE = YES_ERROR;
				GCC_WARN_UNDECLARED_SELECTOR = YES;
				GCC_WARN_UNINITIALIZED_AUTOS = YES_AGGRESSIVE;
				GCC_WARN_UNUSED_FUNCTION = YES;
				GCC_WARN_UNUSED_VARIABLE = YES;
				IPHONEOS_DEPLOYMENT_TARGET = 16.2;
				MTL_ENABLE_DEBUG_INFO = INCLUDE_SOURCE;
				MTL_FAST_MATH = YES;
				ONLY_ACTIVE_ARCH = YES;
				SDKROOT = iphoneos;
				SWIFT_ACTIVE_COMPILATION_CONDITIONS = DEBUG;
				SWIFT_OPTIMIZATION_LEVEL = "-Onone";
			};
			name = Debug;
		};
		E2039E422B3B0EC4005B8842 /* Release */ = {
			isa = XCBuildConfiguration;
			buildSettings = {
				ALWAYS_SEARCH_USER_PATHS = NO;
				CLANG_ANALYZER_NONNULL = YES;
				CLANG_ANALYZER_NUMBER_OBJECT_CONVERSION = YES_AGGRESSIVE;
				CLANG_CXX_LANGUAGE_STANDARD = "gnu++20";
				CLANG_ENABLE_MODULES = YES;
				CLANG_ENABLE_OBJC_ARC = YES;
				CLANG_ENABLE_OBJC_WEAK = YES;
				CLANG_WARN_BLOCK_CAPTURE_AUTORELEASING = YES;
				CLANG_WARN_BOOL_CONVERSION = YES;
				CLANG_WARN_COMMA = YES;
				CLANG_WARN_CONSTANT_CONVERSION = YES;
				CLANG_WARN_DEPRECATED_OBJC_IMPLEMENTATIONS = YES;
				CLANG_WARN_DIRECT_OBJC_ISA_USAGE = YES_ERROR;
				CLANG_WARN_DOCUMENTATION_COMMENTS = YES;
				CLANG_WARN_EMPTY_BODY = YES;
				CLANG_WARN_ENUM_CONVERSION = YES;
				CLANG_WARN_INFINITE_RECURSION = YES;
				CLANG_WARN_INT_CONVERSION = YES;
				CLANG_WARN_NON_LITERAL_NULL_CONVERSION = YES;
				CLANG_WARN_OBJC_IMPLICIT_RETAIN_SELF = YES;
				CLANG_WARN_OBJC_LITERAL_CONVERSION = YES;
				CLANG_WARN_OBJC_ROOT_CLASS = YES_ERROR;
				CLANG_WARN_QUOTED_INCLUDE_IN_FRAMEWORK_HEADER = YES;
				CLANG_WARN_RANGE_LOOP_ANALYSIS = YES;
				CLANG_WARN_STRICT_PROTOTYPES = YES;
				CLANG_WARN_SUSPICIOUS_MOVE = YES;
				CLANG_WARN_UNGUARDED_AVAILABILITY = YES_AGGRESSIVE;
				CLANG_WARN_UNREACHABLE_CODE = YES;
				CLANG_WARN__DUPLICATE_METHOD_MATCH = YES;
				COPY_PHASE_STRIP = NO;
				DEBUG_INFORMATION_FORMAT = "dwarf-with-dsym";
				ENABLE_NS_ASSERTIONS = NO;
				ENABLE_STRICT_OBJC_MSGSEND = YES;
				GCC_C_LANGUAGE_STANDARD = gnu11;
				GCC_NO_COMMON_BLOCKS = YES;
				GCC_WARN_64_TO_32_BIT_CONVERSION = YES;
				GCC_WARN_ABOUT_RETURN_TYPE = YES_ERROR;
				GCC_WARN_UNDECLARED_SELECTOR = YES;
				GCC_WARN_UNINITIALIZED_AUTOS = YES_AGGRESSIVE;
				GCC_WARN_UNUSED_FUNCTION = YES;
				GCC_WARN_UNUSED_VARIABLE = YES;
				IPHONEOS_DEPLOYMENT_TARGET = 16.2;
				MTL_ENABLE_DEBUG_INFO = NO;
				MTL_FAST_MATH = YES;
				SDKROOT = iphoneos;
				SWIFT_COMPILATION_MODE = wholemodule;
				SWIFT_OPTIMIZATION_LEVEL = "-O";
				VALIDATE_PRODUCT = YES;
			};
			name = Release;
		};
		E2039E442B3B0EC4005B8842 /* Debug */ = {
			isa = XCBuildConfiguration;
			baseConfigurationReference = 966B9D49A908A33EA3C9EFBF /* Pods-CarTest.debug.xcconfig */;
			buildSettings = {
				ASSETCATALOG_COMPILER_APPICON_NAME = AppIcon;
				ASSETCATALOG_COMPILER_GLOBAL_ACCENT_COLOR_NAME = AccentColor;
				CODE_SIGN_STYLE = Automatic;
				CURRENT_PROJECT_VERSION = 1;
				DEVELOPMENT_TEAM = 58442Z8AVY;
				GENERATE_INFOPLIST_FILE = YES;
				INFOPLIST_FILE = CarTest/Info.plist;
				INFOPLIST_KEY_UIApplicationSupportsIndirectInputEvents = YES;
				INFOPLIST_KEY_UILaunchStoryboardName = LaunchScreen;
				INFOPLIST_KEY_UISupportedInterfaceOrientations_iPad = "UIInterfaceOrientationPortrait UIInterfaceOrientationPortraitUpsideDown UIInterfaceOrientationLandscapeLeft UIInterfaceOrientationLandscapeRight";
				INFOPLIST_KEY_UISupportedInterfaceOrientations_iPhone = "UIInterfaceOrientationPortrait UIInterfaceOrientationLandscapeLeft UIInterfaceOrientationLandscapeRight";
				LD_RUNPATH_SEARCH_PATHS = (
					"$(inherited)",
					"@executable_path/Frameworks",
				);
				MARKETING_VERSION = 1.0;
				PRODUCT_BUNDLE_IDENTIFIER = "pavlovecccc-gmail.com.CarTest";
				PRODUCT_NAME = "$(TARGET_NAME)";
				SWIFT_EMIT_LOC_STRINGS = YES;
				SWIFT_VERSION = 5.0;
				TARGETED_DEVICE_FAMILY = "1,2";
			};
			name = Debug;
		};
		E2039E452B3B0EC4005B8842 /* Release */ = {
			isa = XCBuildConfiguration;
			baseConfigurationReference = 3BE16F788DB65413E218A7AF /* Pods-CarTest.release.xcconfig */;
			buildSettings = {
				ASSETCATALOG_COMPILER_APPICON_NAME = AppIcon;
				ASSETCATALOG_COMPILER_GLOBAL_ACCENT_COLOR_NAME = AccentColor;
				CODE_SIGN_STYLE = Automatic;
				CURRENT_PROJECT_VERSION = 1;
				DEVELOPMENT_TEAM = 58442Z8AVY;
				GENERATE_INFOPLIST_FILE = YES;
				INFOPLIST_FILE = CarTest/Info.plist;
				INFOPLIST_KEY_UIApplicationSupportsIndirectInputEvents = YES;
				INFOPLIST_KEY_UILaunchStoryboardName = LaunchScreen;
				INFOPLIST_KEY_UISupportedInterfaceOrientations_iPad = "UIInterfaceOrientationPortrait UIInterfaceOrientationPortraitUpsideDown UIInterfaceOrientationLandscapeLeft UIInterfaceOrientationLandscapeRight";
				INFOPLIST_KEY_UISupportedInterfaceOrientations_iPhone = "UIInterfaceOrientationPortrait UIInterfaceOrientationLandscapeLeft UIInterfaceOrientationLandscapeRight";
				LD_RUNPATH_SEARCH_PATHS = (
					"$(inherited)",
					"@executable_path/Frameworks",
				);
				MARKETING_VERSION = 1.0;
				PRODUCT_BUNDLE_IDENTIFIER = "pavlovecccc-gmail.com.CarTest";
				PRODUCT_NAME = "$(TARGET_NAME)";
				SWIFT_EMIT_LOC_STRINGS = YES;
				SWIFT_VERSION = 5.0;
				TARGETED_DEVICE_FAMILY = "1,2";
			};
			name = Release;
		};
/* End XCBuildConfiguration section */

/* Begin XCConfigurationList section */
		E2039E2A2B3B0EC2005B8842 /* Build configuration list for PBXProject "CarTest" */ = {
			isa = XCConfigurationList;
			buildConfigurations = (
				E2039E412B3B0EC4005B8842 /* Debug */,
				E2039E422B3B0EC4005B8842 /* Release */,
			);
			defaultConfigurationIsVisible = 0;
			defaultConfigurationName = Release;
		};
		E2039E432B3B0EC4005B8842 /* Build configuration list for PBXNativeTarget "CarTest" */ = {
			isa = XCConfigurationList;
			buildConfigurations = (
				E2039E442B3B0EC4005B8842 /* Debug */,
				E2039E452B3B0EC4005B8842 /* Release */,
			);
			defaultConfigurationIsVisible = 0;
			defaultConfigurationName = Release;
		};
/* End XCConfigurationList section */
	};
	rootObject = E2039E272B3B0EC2005B8842 /* Project object */;
}
